
Microsoft Visual Studio Solution File, Format Version 12.00
# Visual Studio Version 17
VisualStudioVersion = 17.9.34701.34
MinimumVisualStudioVersion = 10.0.40219.1
Project("{FAE04EC0-301F-11D3-BF4B-00C04F79EFBC}") = "Socket2", "Socket2.csproj", "{BF501636-4D47-450C-801D-A683476D3149}"
EndProject
Global
	GlobalSection(SolutionConfigurationPlatforms) = preSolution
		Debug|Any CPU = Debug|Any CPU
		Release|Any CPU = Release|Any CPU
	EndGlobalSection
	GlobalSection(ProjectConfigurationPlatforms) = postSolution
		{BF501636-4D47-450C-801D-A683476D3149}.Debug|Any CPU.ActiveCfg = Debug|Any CPU
		{BF501636-4D47-450C-801D-A683476D3149}.Debug|Any CPU.Build.0 = Debug|Any CPU
		{BF501636-4D47-450C-801D-A683476D3149}.Release|Any CPU.ActiveCfg = Release|Any CPU
		{BF501636-4D47-450C-801D-A683476D3149}.Release|Any CPU.Build.0 = Release|Any CPU
	EndGlobalSection
	GlobalSection(SolutionProperties) = preSolution
		HideSolutionNode = FALSE
	EndGlobalSection
	GlobalSection(ExtensibilityGlobals) = postSolution
		SolutionGuid = {FE773EB8-B06F-4DA4-9DD6-377BBE71E39B}
	EndGlobalSection
EndGlobal
