
Microsoft Visual Studio Solution File, Format Version 12.00
# Visual Studio Version 17
VisualStudioVersion = 17.9.34701.34
MinimumVisualStudioVersion = 10.0.40219.1
Project("{FAE04EC0-301F-11D3-BF4B-00C04F79EFBC}") = "WinformThreadingFix", "WinformThreadingFix.csproj", "{5047DB2B-4E55-428B-A89A-54EFD3D3BFE5}"
EndProject
Global
	GlobalSection(SolutionConfigurationPlatforms) = preSolution
		Debug|Any CPU = Debug|Any CPU
		Release|Any CPU = Release|Any CPU
	EndGlobalSection
	GlobalSection(ProjectConfigurationPlatforms) = postSolution
		{5047DB2B-4E55-428B-A89A-54EFD3D3BFE5}.Debug|Any CPU.ActiveCfg = Debug|Any CPU
		{5047DB2B-4E55-428B-A89A-54EFD3D3BFE5}.Debug|Any CPU.Build.0 = Debug|Any CPU
		{5047DB2B-4E55-428B-A89A-54EFD3D3BFE5}.Release|Any CPU.ActiveCfg = Release|Any CPU
		{5047DB2B-4E55-428B-A89A-54EFD3D3BFE5}.Release|Any CPU.Build.0 = Release|Any CPU
	EndGlobalSection
	GlobalSection(SolutionProperties) = preSolution
		HideSolutionNode = FALSE
	EndGlobalSection
	GlobalSection(ExtensibilityGlobals) = postSolution
		SolutionGuid = {63A24832-34E6-4EE2-8930-CE7E7B082DE3}
	EndGlobalSection
EndGlobal
